
Microsoft Visual Studio Solution File, Format Version 12.00
# Visual Studio Version 17
VisualStudioVersion = 17.3.32819.101
MinimumVisualStudioVersion = 10.0.40219.1
Project("{FAE04EC0-301F-11D3-BF4B-00C04F79EFBC}") = "Logging", "Logger\Logging.csproj", "{C1816079-FD28-45CA-AB55-2CFED4EE5CE1}"
EndProject
Project("{FAE04EC0-301F-11D3-BF4B-00C04F79EFBC}") = "Main", "Main\Main.csproj", "{01F13F0F-994E-4FE1-8050-499439105E9F}"
EndProject
Global
	GlobalSection(SolutionConfigurationPlatforms) = preSolution
		Debug|Any CPU = Debug|Any CPU
		Release|Any CPU = Release|Any CPU
	EndGlobalSection
	GlobalSection(ProjectConfigurationPlatforms) = postSolution
		{C1816079-FD28-45CA-AB55-2CFED4EE5CE1}.Debug|Any CPU.ActiveCfg = Debug|Any CPU
		{C1816079-FD28-45CA-AB55-2CFED4EE5CE1}.Debug|Any CPU.Build.0 = Debug|Any CPU
		{C1816079-FD28-45CA-AB55-2CFED4EE5CE1}.Release|Any CPU.ActiveCfg = Release|Any CPU
		{C1816079-FD28-45CA-AB55-2CFED4EE5CE1}.Release|Any CPU.Build.0 = Release|Any CPU
		{01F13F0F-994E-4FE1-8050-499439105E9F}.Debug|Any CPU.ActiveCfg = Debug|Any CPU
		{01F13F0F-994E-4FE1-8050-499439105E9F}.Debug|Any CPU.Build.0 = Debug|Any CPU
		{01F13F0F-994E-4FE1-8050-499439105E9F}.Release|Any CPU.ActiveCfg = Release|Any CPU
		{01F13F0F-994E-4FE1-8050-499439105E9F}.Release|Any CPU.Build.0 = Release|Any CPU
	EndGlobalSection
	GlobalSection(SolutionProperties) = preSolution
		HideSolutionNode = FALSE
	EndGlobalSection
	GlobalSection(ExtensibilityGlobals) = postSolution
		SolutionGuid = {B82569F3-DA86-412A-B774-B754B9094F08}
	EndGlobalSection
EndGlobal
